
Microsoft Visual Studio Solution File, Format Version 12.00
# Visual Studio 15
VisualStudioVersion = 15.0.28010.2046
MinimumVisualStudioVersion = 10.0.40219.1
Project("{FAE04EC0-301F-11D3-BF4B-00C04F79EFBC}") = "Bmi.Android", "Bmi\Bmi.Android\Bmi.Android.csproj", "{9401D3B5-CAD9-41BB-B9DA-736737CF1F60}"
EndProject
Project("{FAE04EC0-301F-11D3-BF4B-00C04F79EFBC}") = "Bmi.iOS", "Bmi\Bmi.iOS\Bmi.iOS.csproj", "{270BA121-C67B-473F-B132-589EFF97AEF3}"
EndProject
Project("{FAE04EC0-301F-11D3-BF4B-00C04F79EFBC}") = "Bmi", "Bmi\Bmi\Bmi.csproj", "{E997A304-6209-4296-9CBD-54D325195403}"
EndProject
Global
	GlobalSection(SolutionConfigurationPlatforms) = preSolution
		Ad-Hoc|Any CPU = Ad-Hoc|Any CPU
		Ad-Hoc|iPhone = Ad-Hoc|iPhone
		Ad-Hoc|iPhoneSimulator = Ad-Hoc|iPhoneSimulator
		AppStore|Any CPU = AppStore|Any CPU
		AppStore|iPhone = AppStore|iPhone
		AppStore|iPhoneSimulator = AppStore|iPhoneSimulator
		Debug|Any CPU = Debug|Any CPU
		Debug|iPhone = Debug|iPhone
		Debug|iPhoneSimulator = Debug|iPhoneSimulator
		Release|Any CPU = Release|Any CPU
		Release|iPhone = Release|iPhone
		Release|iPhoneSimulator = Release|iPhoneSimulator
	EndGlobalSection
	GlobalSection(ProjectConfigurationPlatforms) = postSolution
		{9401D3B5-CAD9-41BB-B9DA-736737CF1F60}.Ad-Hoc|Any CPU.ActiveCfg = Release|Any CPU
		{9401D3B5-CAD9-41BB-B9DA-736737CF1F60}.Ad-Hoc|Any CPU.Build.0 = Release|Any CPU
		{9401D3B5-CAD9-41BB-B9DA-736737CF1F60}.Ad-Hoc|Any CPU.Deploy.0 = Release|Any CPU
		{9401D3B5-CAD9-41BB-B9DA-736737CF1F60}.Ad-Hoc|iPhone.ActiveCfg = Release|Any CPU
		{9401D3B5-CAD9-41BB-B9DA-736737CF1F60}.Ad-Hoc|iPhone.Build.0 = Release|Any CPU
		{9401D3B5-CAD9-41BB-B9DA-736737CF1F60}.Ad-Hoc|iPhone.Deploy.0 = Release|Any CPU
		{9401D3B5-CAD9-41BB-B9DA-736737CF1F60}.Ad-Hoc|iPhoneSimulator.ActiveCfg = Release|Any CPU
		{9401D3B5-CAD9-41BB-B9DA-736737CF1F60}.Ad-Hoc|iPhoneSimulator.Build.0 = Release|Any CPU
		{9401D3B5-CAD9-41BB-B9DA-736737CF1F60}.Ad-Hoc|iPhoneSimulator.Deploy.0 = Release|Any CPU
		{9401D3B5-CAD9-41BB-B9DA-736737CF1F60}.AppStore|Any CPU.ActiveCfg = Release|Any CPU
		{9401D3B5-CAD9-41BB-B9DA-736737CF1F60}.AppStore|Any CPU.Build.0 = Release|Any CPU
		{9401D3B5-CAD9-41BB-B9DA-736737CF1F60}.AppStore|Any CPU.Deploy.0 = Release|Any CPU
		{9401D3B5-CAD9-41BB-B9DA-736737CF1F60}.AppStore|iPhone.ActiveCfg = Release|Any CPU
		{9401D3B5-CAD9-41BB-B9DA-736737CF1F60}.AppStore|iPhone.Build.0 = Release|Any CPU
		{9401D3B5-CAD9-41BB-B9DA-736737CF1F60}.AppStore|iPhone.Deploy.0 = Release|Any CPU
		{9401D3B5-CAD9-41BB-B9DA-736737CF1F60}.AppStore|iPhoneSimulator.ActiveCfg = Release|Any CPU
		{9401D3B5-CAD9-41BB-B9DA-736737CF1F60}.AppStore|iPhoneSimulator.Build.0 = Release|Any CPU
		{9401D3B5-CAD9-41BB-B9DA-736737CF1F60}.AppStore|iPhoneSimulator.Deploy.0 = Release|Any CPU
		{9401D3B5-CAD9-41BB-B9DA-736737CF1F60}.Debug|Any CPU.ActiveCfg = Debug|Any CPU
		{9401D3B5-CAD9-41BB-B9DA-736737CF1F60}.Debug|Any CPU.Build.0 = Debug|Any CPU
		{9401D3B5-CAD9-41BB-B9DA-736737CF1F60}.Debug|Any CPU.Deploy.0 = Debug|Any CPU
		{9401D3B5-CAD9-41BB-B9DA-736737CF1F60}.Debug|iPhone.ActiveCfg = Debug|Any CPU
		{9401D3B5-CAD9-41BB-B9DA-736737CF1F60}.Debug|iPhone.Build.0 = Debug|Any CPU
		{9401D3B5-CAD9-41BB-B9DA-736737CF1F60}.Debug|iPhone.Deploy.0 = Debug|Any CPU
		{9401D3B5-CAD9-41BB-B9DA-736737CF1F60}.Debug|iPhoneSimulator.ActiveCfg = Debug|Any CPU
		{9401D3B5-CAD9-41BB-B9DA-736737CF1F60}.Debug|iPhoneSimulator.Build.0 = Debug|Any CPU
		{9401D3B5-CAD9-41BB-B9DA-736737CF1F60}.Debug|iPhoneSimulator.Deploy.0 = Debug|Any CPU
		{9401D3B5-CAD9-41BB-B9DA-736737CF1F60}.Release|Any CPU.ActiveCfg = Release|Any CPU
		{9401D3B5-CAD9-41BB-B9DA-736737CF1F60}.Release|Any CPU.Build.0 = Release|Any CPU
		{9401D3B5-CAD9-41BB-B9DA-736737CF1F60}.Release|Any CPU.Deploy.0 = Release|Any CPU
		{9401D3B5-CAD9-41BB-B9DA-736737CF1F60}.Release|iPhone.ActiveCfg = Release|Any CPU
		{9401D3B5-CAD9-41BB-B9DA-736737CF1F60}.Release|iPhone.Build.0 = Release|Any CPU
		{9401D3B5-CAD9-41BB-B9DA-736737CF1F60}.Release|iPhone.Deploy.0 = Release|Any CPU
		{9401D3B5-CAD9-41BB-B9DA-736737CF1F60}.Release|iPhoneSimulator.ActiveCfg = Release|Any CPU
		{9401D3B5-CAD9-41BB-B9DA-736737CF1F60}.Release|iPhoneSimulator.Build.0 = Release|Any CPU
		{9401D3B5-CAD9-41BB-B9DA-736737CF1F60}.Release|iPhoneSimulator.Deploy.0 = Release|Any CPU
		{270BA121-C67B-473F-B132-589EFF97AEF3}.Ad-Hoc|Any CPU.ActiveCfg = Ad-Hoc|iPhone
		{270BA121-C67B-473F-B132-589EFF97AEF3}.Ad-Hoc|Any CPU.Build.0 = Ad-Hoc|iPhone
		{270BA121-C67B-473F-B132-589EFF97AEF3}.Ad-Hoc|Any CPU.Deploy.0 = Ad-Hoc|iPhone
		{270BA121-C67B-473F-B132-589EFF97AEF3}.Ad-Hoc|iPhone.ActiveCfg = Ad-Hoc|iPhone
		{270BA121-C67B-473F-B132-589EFF97AEF3}.Ad-Hoc|iPhone.Build.0 = Ad-Hoc|iPhone
		{270BA121-C67B-473F-B132-589EFF97AEF3}.Ad-Hoc|iPhone.Deploy.0 = Ad-Hoc|iPhone
		{270BA121-C67B-473F-B132-589EFF97AEF3}.Ad-Hoc|iPhoneSimulator.ActiveCfg = Ad-Hoc|iPhoneSimulator
		{270BA121-C67B-473F-B132-589EFF97AEF3}.Ad-Hoc|iPhoneSimulator.Build.0 = Ad-Hoc|iPhoneSimulator
		{270BA121-C67B-473F-B132-589EFF97AEF3}.Ad-Hoc|iPhoneSimulator.Deploy.0 = Ad-Hoc|iPhoneSimulator
		{270BA121-C67B-473F-B132-589EFF97AEF3}.AppStore|Any CPU.ActiveCfg = AppStore|iPhone
		{270BA121-C67B-473F-B132-589EFF97AEF3}.AppStore|Any CPU.Build.0 = AppStore|iPhone
		{270BA121-C67B-473F-B132-589EFF97AEF3}.AppStore|Any CPU.Deploy.0 = AppStore|iPhone
		{270BA121-C67B-473F-B132-589EFF97AEF3}.AppStore|iPhone.ActiveCfg = AppStore|iPhone
		{270BA121-C67B-473F-B132-589EFF97AEF3}.AppStore|iPhone.Build.0 = AppStore|iPhone
		{270BA121-C67B-473F-B132-589EFF97AEF3}.AppStore|iPhone.Deploy.0 = AppStore|iPhone
		{270BA121-C67B-473F-B132-589EFF97AEF3}.AppStore|iPhoneSimulator.ActiveCfg = AppStore|iPhoneSimulator
		{270BA121-C67B-473F-B132-589EFF97AEF3}.AppStore|iPhoneSimulator.Build.0 = AppStore|iPhoneSimulator
		{270BA121-C67B-473F-B132-589EFF97AEF3}.AppStore|iPhoneSimulator.Deploy.0 = AppStore|iPhoneSimulator
		{270BA121-C67B-473F-B132-589EFF97AEF3}.Debug|Any CPU.ActiveCfg = Debug|iPhoneSimulator
		{270BA121-C67B-473F-B132-589EFF97AEF3}.Debug|Any CPU.Build.0 = Debug|iPhoneSimulator
		{270BA121-C67B-473F-B132-589EFF97AEF3}.Debug|Any CPU.Deploy.0 = Debug|iPhoneSimulator
		{270BA121-C67B-473F-B132-589EFF97AEF3}.Debug|iPhone.ActiveCfg = Debug|iPhone
		{270BA121-C67B-473F-B132-589EFF97AEF3}.Debug|iPhone.Build.0 = Debug|iPhone
		{270BA121-C67B-473F-B132-589EFF97AEF3}.Debug|iPhone.Deploy.0 = Debug|iPhone
		{270BA121-C67B-473F-B132-589EFF97AEF3}.Debug|iPhoneSimulator.ActiveCfg = Debug|iPhoneSimulator
		{270BA121-C67B-473F-B132-589EFF97AEF3}.Debug|iPhoneSimulator.Build.0 = Debug|iPhoneSimulator
		{270BA121-C67B-473F-B132-589EFF97AEF3}.Debug|iPhoneSimulator.Deploy.0 = Debug|iPhoneSimulator
		{270BA121-C67B-473F-B132-589EFF97AEF3}.Release|Any CPU.ActiveCfg = Release|iPhone
		{270BA121-C67B-473F-B132-589EFF97AEF3}.Release|Any CPU.Build.0 = Release|iPhone
		{270BA121-C67B-473F-B132-589EFF97AEF3}.Release|Any CPU.Deploy.0 = Release|iPhone
		{270BA121-C67B-473F-B132-589EFF97AEF3}.Release|iPhone.ActiveCfg = Release|iPhone
		{270BA121-C67B-473F-B132-589EFF97AEF3}.Release|iPhone.Build.0 = Release|iPhone
		{270BA121-C67B-473F-B132-589EFF97AEF3}.Release|iPhone.Deploy.0 = Release|iPhone
		{270BA121-C67B-473F-B132-589EFF97AEF3}.Release|iPhoneSimulator.ActiveCfg = Release|iPhoneSimulator
		{270BA121-C67B-473F-B132-589EFF97AEF3}.Release|iPhoneSimulator.Build.0 = Release|iPhoneSimulator
		{270BA121-C67B-473F-B132-589EFF97AEF3}.Release|iPhoneSimulator.Deploy.0 = Release|iPhoneSimulator
		{E997A304-6209-4296-9CBD-54D325195403}.Ad-Hoc|Any CPU.ActiveCfg = Debug|Any CPU
		{E997A304-6209-4296-9CBD-54D325195403}.Ad-Hoc|Any CPU.Build.0 = Debug|Any CPU
		{E997A304-6209-4296-9CBD-54D325195403}.Ad-Hoc|Any CPU.Deploy.0 = Debug|Any CPU
		{E997A304-6209-4296-9CBD-54D325195403}.Ad-Hoc|iPhone.ActiveCfg = Debug|Any CPU
		{E997A304-6209-4296-9CBD-54D325195403}.Ad-Hoc|iPhone.Build.0 = Debug|Any CPU
		{E997A304-6209-4296-9CBD-54D325195403}.Ad-Hoc|iPhone.Deploy.0 = Debug|Any CPU
		{E997A304-6209-4296-9CBD-54D325195403}.Ad-Hoc|iPhoneSimulator.ActiveCfg = Debug|Any CPU
		{E997A304-6209-4296-9CBD-54D325195403}.Ad-Hoc|iPhoneSimulator.Build.0 = Debug|Any CPU
		{E997A304-6209-4296-9CBD-54D325195403}.Ad-Hoc|iPhoneSimulator.Deploy.0 = Debug|Any CPU
		{E997A304-6209-4296-9CBD-54D325195403}.AppStore|Any CPU.ActiveCfg = Debug|Any CPU
		{E997A304-6209-4296-9CBD-54D325195403}.AppStore|Any CPU.Build.0 = Debug|Any CPU
		{E997A304-6209-4296-9CBD-54D325195403}.AppStore|Any CPU.Deploy.0 = Debug|Any CPU
		{E997A304-6209-4296-9CBD-54D325195403}.AppStore|iPhone.ActiveCfg = Debug|Any CPU
		{E997A304-6209-4296-9CBD-54D325195403}.AppStore|iPhone.Build.0 = Debug|Any CPU
		{E997A304-6209-4296-9CBD-54D325195403}.AppStore|iPhone.Deploy.0 = Debug|Any CPU
		{E997A304-6209-4296-9CBD-54D325195403}.AppStore|iPhoneSimulator.ActiveCfg = Debug|Any CPU
		{E997A304-6209-4296-9CBD-54D325195403}.AppStore|iPhoneSimulator.Build.0 = Debug|Any CPU
		{E997A304-6209-4296-9CBD-54D325195403}.AppStore|iPhoneSimulator.Deploy.0 = Debug|Any CPU
		{E997A304-6209-4296-9CBD-54D325195403}.Debug|Any CPU.ActiveCfg = Debug|Any CPU
		{E997A304-6209-4296-9CBD-54D325195403}.Debug|Any CPU.Build.0 = Debug|Any CPU
		{E997A304-6209-4296-9CBD-54D325195403}.Debug|Any CPU.Deploy.0 = Debug|Any CPU
		{E997A304-6209-4296-9CBD-54D325195403}.Debug|iPhone.ActiveCfg = Debug|Any CPU
		{E997A304-6209-4296-9CBD-54D325195403}.Debug|iPhone.Build.0 = Debug|Any CPU
		{E997A304-6209-4296-9CBD-54D325195403}.Debug|iPhone.Deploy.0 = Debug|Any CPU
		{E997A304-6209-4296-9CBD-54D325195403}.Debug|iPhoneSimulator.ActiveCfg = Debug|Any CPU
		{E997A304-6209-4296-9CBD-54D325195403}.Debug|iPhoneSimulator.Build.0 = Debug|Any CPU
		{E997A304-6209-4296-9CBD-54D325195403}.Debug|iPhoneSimulator.Deploy.0 = Debug|Any CPU
		{E997A304-6209-4296-9CBD-54D325195403}.Release|Any CPU.ActiveCfg = Release|Any CPU
		{E997A304-6209-4296-9CBD-54D325195403}.Release|Any CPU.Build.0 = Release|Any CPU
		{E997A304-6209-4296-9CBD-54D325195403}.Release|Any CPU.Deploy.0 = Release|Any CPU
		{E997A304-6209-4296-9CBD-54D325195403}.Release|iPhone.ActiveCfg = Release|Any CPU
		{E997A304-6209-4296-9CBD-54D325195403}.Release|iPhone.Build.0 = Release|Any CPU
		{E997A304-6209-4296-9CBD-54D325195403}.Release|iPhone.Deploy.0 = Release|Any CPU
		{E997A304-6209-4296-9CBD-54D325195403}.Release|iPhoneSimulator.ActiveCfg = Release|Any CPU
		{E997A304-6209-4296-9CBD-54D325195403}.Release|iPhoneSimulator.Build.0 = Release|Any CPU
		{E997A304-6209-4296-9CBD-54D325195403}.Release|iPhoneSimulator.Deploy.0 = Release|Any CPU
	EndGlobalSection
	GlobalSection(SolutionProperties) = preSolution
		HideSolutionNode = FALSE
	EndGlobalSection
	GlobalSection(ExtensibilityGlobals) = postSolution
		SolutionGuid = {83A13545-59CF-4647-9E8D-923791970264}
	EndGlobalSection
EndGlobal
